// !$*UTF8*$!
{
	archiveVersion = 1;
	classes = {
	};
	objectVersion = 46;
	objects = {

/* Begin PBXBuildFile section */
		61B86AA41DE868DE00B44882 /* main.m in Sources */ = {isa = PBXBuildFile; fileRef = 61B86AA31DE868DE00B44882 /* main.m */; };
		61B86AA71DE868DE00B44882 /* AppDelegate.m in Sources */ = {isa = PBXBuildFile; fileRef = 61B86AA61DE868DE00B44882 /* AppDelegate.m */; };
		61B86AAA1DE868DE00B44882 /* ViewController.m in Sources */ = {isa = PBXBuildFile; fileRef = 61B86AA91DE868DE00B44882 /* ViewController.m */; };
		61B86AAD1DE868DE00B44882 /* Main.storyboard in Resources */ = {isa = PBXBuildFile; fileRef = 61B86AAB1DE868DE00B44882 /* Main.storyboard */; };
		61B86AAF1DE868DE00B44882 /* Assets.xcassets in Resources */ = {isa = PBXBuildFile; fileRef = 61B86AAE1DE868DE00B44882 /* Assets.xcassets */; };
		61B86AB21DE868DE00B44882 /* LaunchScreen.storyboard in Resources */ = {isa = PBXBuildFile; fileRef = 61B86AB01DE868DE00B44882 /* LaunchScreen.storyboard */; };
		61B86ABD1DE868DE00B44882 /* StudyFMDBTests.m in Sources */ = {isa = PBXBuildFile; fileRef = 61B86ABC1DE868DE00B44882 /* StudyFMDBTests.m */; };
		61B86AC81DE868DE00B44882 /* StudyFMDBUITests.m in Sources */ = {isa = PBXBuildFile; fileRef = 61B86AC71DE868DE00B44882 /* StudyFMDBUITests.m */; };
		61B86AE11DE8697800B44882 /* FMDatabase.m in Sources */ = {isa = PBXBuildFile; fileRef = 61B86AD71DE8697800B44882 /* FMDatabase.m */; };
		61B86AE21DE8697800B44882 /* FMDatabaseAdditions.m in Sources */ = {isa = PBXBuildFile; fileRef = 61B86AD91DE8697800B44882 /* FMDatabaseAdditions.m */; };
		61B86AE31DE8697800B44882 /* FMDatabasePool.m in Sources */ = {isa = PBXBuildFile; fileRef = 61B86ADB1DE8697800B44882 /* FMDatabasePool.m */; };
		61B86AE41DE8697800B44882 /* FMDatabaseQueue.m in Sources */ = {isa = PBXBuildFile; fileRef = 61B86ADD1DE8697800B44882 /* FMDatabaseQueue.m */; };
		61B86AE51DE8697800B44882 /* FMResultSet.m in Sources */ = {isa = PBXBuildFile; fileRef = 61B86AE01DE8697800B44882 /* FMResultSet.m */; };
		61B86AE81DE8699300B44882 /* libsqlite3.0.tbd in Frameworks */ = {isa = PBXBuildFile; fileRef = 61B86AE71DE8699300B44882 /* libsqlite3.0.tbd */; };
		61B86AEC1DE9338300B44882 /* BusinessViewController.m in Sources */ = {isa = PBXBuildFile; fileRef = 61B86AEA1DE9338300B44882 /* BusinessViewController.m */; };
		61B86AED1DE9338300B44882 /* BusinessViewController.xib in Resources */ = {isa = PBXBuildFile; fileRef = 61B86AEB1DE9338300B44882 /* BusinessViewController.xib */; };
		61B86AF01DE949C800B44882 /* DKSStatusCacheTool.m in Sources */ = {isa = PBXBuildFile; fileRef = 61B86AEF1DE949C800B44882 /* DKSStatusCacheTool.m */; };
		61B86AF61DE94D6F00B44882 /* DKSStatus.m in Sources */ = {isa = PBXBuildFile; fileRef = 61B86AF51DE94D6F00B44882 /* DKSStatus.m */; };
		61DBF9561E498AE200AEF42A /* DKSFMDBManager.m in Sources */ = {isa = PBXBuildFile; fileRef = 61DBF9551E498AE200AEF42A /* DKSFMDBManager.m */; };
		61DBF9591E499C0700AEF42A /* SYFMDBManager.m in Sources */ = {isa = PBXBuildFile; fileRef = 61DBF9581E499C0700AEF42A /* SYFMDBManager.m */; };
		61DBF95C1E49B35400AEF42A /* MyModel.m in Sources */ = {isa = PBXBuildFile; fileRef = 61DBF95B1E49B35400AEF42A /* MyModel.m */; };
		61DBF95F1E49B35D00AEF42A /* UserModel.m in Sources */ = {isa = PBXBuildFile; fileRef = 61DBF95E1E49B35D00AEF42A /* UserModel.m */; };
/* End PBXBuildFile section */

/* Begin PBXContainerItemProxy section */
		61B86AB91DE868DE00B44882 /* PBXContainerItemProxy */ = {
			isa = PBXContainerItemProxy;
			containerPortal = 61B86A971DE868DE00B44882 /* Project object */;
			proxyType = 1;
			remoteGlobalIDString = 61B86A9E1DE868DE00B44882;
			remoteInfo = StudyFMDB;
		};
		61B86AC41DE868DE00B44882 /* PBXContainerItemProxy */ = {
			isa = PBXContainerItemProxy;
			containerPortal = 61B86A971DE868DE00B44882 /* Project object */;
			proxyType = 1;
			remoteGlobalIDString = 61B86A9E1DE868DE00B44882;
			remoteInfo = StudyFMDB;
		};
/* End PBXContainerItemProxy section */

/* Begin PBXFileReference section */
		61B86A9F1DE868DE00B44882 /* StudyFMDB.app */ = {isa = PBXFileReference; explicitFileType = wrapper.application; includeInIndex = 0; path = StudyFMDB.app; sourceTree = BUILT_PRODUCTS_DIR; };
		61B86AA31DE868DE00B44882 /* main.m */ = {isa = PBXFileReference; lastKnownFileType = sourcecode.c.objc; path = main.m; sourceTree = "<group>"; };
		61B86AA51DE868DE00B44882 /* AppDelegate.h */ = {isa = PBXFileReference; lastKnownFileType = sourcecode.c.h; path = AppDelegate.h; sourceTree = "<group>"; };
		61B86AA61DE868DE00B44882 /* AppDelegate.m */ = {isa = PBXFileReference; lastKnownFileType = sourcecode.c.objc; path = AppDelegate.m; sourceTree = "<group>"; };
		61B86AA81DE868DE00B44882 /* ViewController.h */ = {isa = PBXFileReference; lastKnownFileType = sourcecode.c.h; path = ViewController.h; sourceTree = "<group>"; };
		61B86AA91DE868DE00B44882 /* ViewController.m */ = {isa = PBXFileReference; lastKnownFileType = sourcecode.c.objc; path = ViewController.m; sourceTree = "<group>"; };
		61B86AAC1DE868DE00B44882 /* Base */ = {isa = PBXFileReference; lastKnownFileType = file.storyboard; name = Base; path = Base.lproj/Main.storyboard; sourceTree = "<group>"; };
		61B86AAE1DE868DE00B44882 /* Assets.xcassets */ = {isa = PBXFileReference; lastKnownFileType = folder.assetcatalog; path = Assets.xcassets; sourceTree = "<group>"; };
		61B86AB11DE868DE00B44882 /* Base */ = {isa = PBXFileReference; lastKnownFileType = file.storyboard; name = Base; path = Base.lproj/LaunchScreen.storyboard; sourceTree = "<group>"; };
		61B86AB31DE868DE00B44882 /* Info.plist */ = {isa = PBXFileReference; lastKnownFileType = text.plist.xml; path = Info.plist; sourceTree = "<group>"; };
		61B86AB81DE868DE00B44882 /* StudyFMDBTests.xctest */ = {isa = PBXFileReference; explicitFileType = wrapper.cfbundle; includeInIndex = 0; path = StudyFMDBTests.xctest; sourceTree = BUILT_PRODUCTS_DIR; };
		61B86ABC1DE868DE00B44882 /* StudyFMDBTests.m */ = {isa = PBXFileReference; lastKnownFileType = sourcecode.c.objc; path = StudyFMDBTests.m; sourceTree = "<group>"; };
		61B86ABE1DE868DE00B44882 /* Info.plist */ = {isa = PBXFileReference; lastKnownFileType = text.plist.xml; path = Info.plist; sourceTree = "<group>"; };
		61B86AC31DE868DE00B44882 /* StudyFMDBUITests.xctest */ = {isa = PBXFileReference; explicitFileType = wrapper.cfbundle; includeInIndex = 0; path = StudyFMDBUITests.xctest; sourceTree = BUILT_PRODUCTS_DIR; };
		61B86AC71DE868DE00B44882 /* StudyFMDBUITests.m */ = {isa = PBXFileReference; lastKnownFileType = sourcecode.c.objc; path = StudyFMDBUITests.m; sourceTree = "<group>"; };
		61B86AC91DE868DE00B44882 /* Info.plist */ = {isa = PBXFileReference; lastKnownFileType = text.plist.xml; path = Info.plist; sourceTree = "<group>"; };
		61B86AD61DE8697800B44882 /* FMDatabase.h */ = {isa = PBXFileReference; fileEncoding = 4; lastKnownFileType = sourcecode.c.h; path = FMDatabase.h; sourceTree = "<group>"; };
		61B86AD71DE8697800B44882 /* FMDatabase.m */ = {isa = PBXFileReference; fileEncoding = 4; lastKnownFileType = sourcecode.c.objc; path = FMDatabase.m; sourceTree = "<group>"; };
		61B86AD81DE8697800B44882 /* FMDatabaseAdditions.h */ = {isa = PBXFileReference; fileEncoding = 4; lastKnownFileType = sourcecode.c.h; path = FMDatabaseAdditions.h; sourceTree = "<group>"; };
		61B86AD91DE8697800B44882 /* FMDatabaseAdditions.m */ = {isa = PBXFileReference; fileEncoding = 4; lastKnownFileType = sourcecode.c.objc; path = FMDatabaseAdditions.m; sourceTree = "<group>"; };
		61B86ADA1DE8697800B44882 /* FMDatabasePool.h */ = {isa = PBXFileReference; fileEncoding = 4; lastKnownFileType = sourcecode.c.h; path = FMDatabasePool.h; sourceTree = "<group>"; };
		61B86ADB1DE8697800B44882 /* FMDatabasePool.m */ = {isa = PBXFileReference; fileEncoding = 4; lastKnownFileType = sourcecode.c.objc; path = FMDatabasePool.m; sourceTree = "<group>"; };
		61B86ADC1DE8697800B44882 /* FMDatabaseQueue.h */ = {isa = PBXFileReference; fileEncoding = 4; lastKnownFileType = sourcecode.c.h; path = FMDatabaseQueue.h; sourceTree = "<group>"; };
		61B86ADD1DE8697800B44882 /* FMDatabaseQueue.m */ = {isa = PBXFileReference; fileEncoding = 4; lastKnownFileType = sourcecode.c.objc; path = FMDatabaseQueue.m; sourceTree = "<group>"; };
		61B86ADE1DE8697800B44882 /* FMDB.h */ = {isa = PBXFileReference; fileEncoding = 4; lastKnownFileType = sourcecode.c.h; path = FMDB.h; sourceTree = "<group>"; };
		61B86ADF1DE8697800B44882 /* FMResultSet.h */ = {isa = PBXFileReference; fileEncoding = 4; lastKnownFileType = sourcecode.c.h; path = FMResultSet.h; sourceTree = "<group>"; };
		61B86AE01DE8697800B44882 /* FMResultSet.m */ = {isa = PBXFileReference; fileEncoding = 4; lastKnownFileType = sourcecode.c.objc; path = FMResultSet.m; sourceTree = "<group>"; };
		61B86AE71DE8699300B44882 /* libsqlite3.0.tbd */ = {isa = PBXFileReference; lastKnownFileType = "sourcecode.text-based-dylib-definition"; name = libsqlite3.0.tbd; path = usr/lib/libsqlite3.0.tbd; sourceTree = SDKROOT; };
		61B86AE91DE9338300B44882 /* BusinessViewController.h */ = {isa = PBXFileReference; fileEncoding = 4; lastKnownFileType = sourcecode.c.h; path = BusinessViewController.h; sourceTree = "<group>"; };
		61B86AEA1DE9338300B44882 /* BusinessViewController.m */ = {isa = PBXFileReference; fileEncoding = 4; lastKnownFileType = sourcecode.c.objc; path = BusinessViewController.m; sourceTree = "<group>"; };
		61B86AEB1DE9338300B44882 /* BusinessViewController.xib */ = {isa = PBXFileReference; fileEncoding = 4; lastKnownFileType = file.xib; path = BusinessViewController.xib; sourceTree = "<group>"; };
		61B86AEE1DE949C800B44882 /* DKSStatusCacheTool.h */ = {isa = PBXFileReference; fileEncoding = 4; lastKnownFileType = sourcecode.c.h; path = DKSStatusCacheTool.h; sourceTree = "<group>"; };
		61B86AEF1DE949C800B44882 /* DKSStatusCacheTool.m */ = {isa = PBXFileReference; fileEncoding = 4; lastKnownFileType = sourcecode.c.objc; path = DKSStatusCacheTool.m; sourceTree = "<group>"; };
		61B86AF41DE94D6F00B44882 /* DKSStatus.h */ = {isa = PBXFileReference; fileEncoding = 4; lastKnownFileType = sourcecode.c.h; path = DKSStatus.h; sourceTree = "<group>"; };
		61B86AF51DE94D6F00B44882 /* DKSStatus.m */ = {isa = PBXFileReference; fileEncoding = 4; lastKnownFileType = sourcecode.c.objc; path = DKSStatus.m; sourceTree = "<group>"; };
		61DBF9541E498AE200AEF42A /* DKSFMDBManager.h */ = {isa = PBXFileReference; fileEncoding = 4; lastKnownFileType = sourcecode.c.h; path = DKSFMDBManager.h; sourceTree = "<group>"; };
		61DBF9551E498AE200AEF42A /* DKSFMDBManager.m */ = {isa = PBXFileReference; fileEncoding = 4; lastKnownFileType = sourcecode.c.objc; path = DKSFMDBManager.m; sourceTree = "<group>"; };
		61DBF9571E499C0700AEF42A /* SYFMDBManager.h */ = {isa = PBXFileReference; fileEncoding = 4; lastKnownFileType = sourcecode.c.h; path = SYFMDBManager.h; sourceTree = "<group>"; };
		61DBF9581E499C0700AEF42A /* SYFMDBManager.m */ = {isa = PBXFileReference; fileEncoding = 4; lastKnownFileType = sourcecode.c.objc; path = SYFMDBManager.m; sourceTree = "<group>"; };
		61DBF95A1E49B35400AEF42A /* MyModel.h */ = {isa = PBXFileReference; fileEncoding = 4; lastKnownFileType = sourcecode.c.h; path = MyModel.h; sourceTree = "<group>"; };
		61DBF95B1E49B35400AEF42A /* MyModel.m */ = {isa = PBXFileReference; fileEncoding = 4; lastKnownFileType = sourcecode.c.objc; path = MyModel.m; sourceTree = "<group>"; };
		61DBF95D1E49B35D00AEF42A /* UserModel.h */ = {isa = PBXFileReference; fileEncoding = 4; lastKnownFileType = sourcecode.c.h; path = UserModel.h; sourceTree = "<group>"; };
		61DBF95E1E49B35D00AEF42A /* UserModel.m */ = {isa = PBXFileReference; fileEncoding = 4; lastKnownFileType = sourcecode.c.objc; path = UserModel.m; sourceTree = "<group>"; };
/* End PBXFileReference section */

/* Begin PBXFrameworksBuildPhase section */
		61B86A9C1DE868DE00B44882 /* Frameworks */ = {
			isa = PBXFrameworksBuildPhase;
			buildActionMask = 2147483647;
			files = (
				61B86AE81DE8699300B44882 /* libsqlite3.0.tbd in Frameworks */,
			);
			runOnlyForDeploymentPostprocessing = 0;
		};
		61B86AB51DE868DE00B44882 /* Frameworks */ = {
			isa = PBXFrameworksBuildPhase;
			buildActionMask = 2147483647;
			files = (
			);
			runOnlyForDeploymentPostprocessing = 0;
		};
		61B86AC01DE868DE00B44882 /* Frameworks */ = {
			isa = PBXFrameworksBuildPhase;
			buildActionMask = 2147483647;
			files = (
			);
			runOnlyForDeploymentPostprocessing = 0;
		};
/* End PBXFrameworksBuildPhase section */

/* Begin PBXGroup section */
		61B86A961DE868DE00B44882 = {
			isa = PBXGroup;
			children = (
				61B86AA11DE868DE00B44882 /* StudyFMDB */,
				61B86ABB1DE868DE00B44882 /* StudyFMDBTests */,
				61B86AC61DE868DE00B44882 /* StudyFMDBUITests */,
				61B86AA01DE868DE00B44882 /* Products */,
				61B86AE61DE8699300B44882 /* Frameworks */,
			);
			sourceTree = "<group>";
		};
		61B86AA01DE868DE00B44882 /* Products */ = {
			isa = PBXGroup;
			children = (
				61B86A9F1DE868DE00B44882 /* StudyFMDB.app */,
				61B86AB81DE868DE00B44882 /* StudyFMDBTests.xctest */,
				61B86AC31DE868DE00B44882 /* StudyFMDBUITests.xctest */,
			);
			name = Products;
			sourceTree = "<group>";
		};
		61B86AA11DE868DE00B44882 /* StudyFMDB */ = {
			isa = PBXGroup;
			children = (
				61B86AA51DE868DE00B44882 /* AppDelegate.h */,
				61B86AA61DE868DE00B44882 /* AppDelegate.m */,
				61B86AA81DE868DE00B44882 /* ViewController.h */,
				61B86AA91DE868DE00B44882 /* ViewController.m */,
				61B86AE91DE9338300B44882 /* BusinessViewController.h */,
				61B86AEA1DE9338300B44882 /* BusinessViewController.m */,
				61B86AEB1DE9338300B44882 /* BusinessViewController.xib */,
				61B86AEE1DE949C800B44882 /* DKSStatusCacheTool.h */,
				61B86AEF1DE949C800B44882 /* DKSStatusCacheTool.m */,
				61B86AF41DE94D6F00B44882 /* DKSStatus.h */,
				61B86AF51DE94D6F00B44882 /* DKSStatus.m */,
				61DBF9541E498AE200AEF42A /* DKSFMDBManager.h */,
				61DBF9551E498AE200AEF42A /* DKSFMDBManager.m */,
				61DBF9571E499C0700AEF42A /* SYFMDBManager.h */,
				61DBF9581E499C0700AEF42A /* SYFMDBManager.m */,
				61DBF95A1E49B35400AEF42A /* MyModel.h */,
				61DBF95B1E49B35400AEF42A /* MyModel.m */,
				61DBF95D1E49B35D00AEF42A /* UserModel.h */,
				61DBF95E1E49B35D00AEF42A /* UserModel.m */,
				61B86AAB1DE868DE00B44882 /* Main.storyboard */,
				61B86AD51DE8697800B44882 /* fmdb */,
				61B86AAE1DE868DE00B44882 /* Assets.xcassets */,
				61B86AB01DE868DE00B44882 /* LaunchScreen.storyboard */,
				61B86AB31DE868DE00B44882 /* Info.plist */,
				61B86AA21DE868DE00B44882 /* Supporting Files */,
			);
			path = StudyFMDB;
			sourceTree = "<group>";
		};
		61B86AA21DE868DE00B44882 /* Supporting Files */ = {
			isa = PBXGroup;
			children = (
				61B86AA31DE868DE00B44882 /* main.m */,
			);
			name = "Supporting Files";
			sourceTree = "<group>";
		};
		61B86ABB1DE868DE00B44882 /* StudyFMDBTests */ = {
			isa = PBXGroup;
			children = (
				61B86ABC1DE868DE00B44882 /* StudyFMDBTests.m */,
				61B86ABE1DE868DE00B44882 /* Info.plist */,
			);
			path = StudyFMDBTests;
			sourceTree = "<group>";
		};
		61B86AC61DE868DE00B44882 /* StudyFMDBUITests */ = {
			isa = PBXGroup;
			children = (
				61B86AC71DE868DE00B44882 /* StudyFMDBUITests.m */,
				61B86AC91DE868DE00B44882 /* Info.plist */,
			);
			path = StudyFMDBUITests;
			sourceTree = "<group>";
		};
		61B86AD51DE8697800B44882 /* fmdb */ = {
			isa = PBXGroup;
			children = (
				61B86AD61DE8697800B44882 /* FMDatabase.h */,
				61B86AD71DE8697800B44882 /* FMDatabase.m */,
				61B86AD81DE8697800B44882 /* FMDatabaseAdditions.h */,
				61B86AD91DE8697800B44882 /* FMDatabaseAdditions.m */,
				61B86ADA1DE8697800B44882 /* FMDatabasePool.h */,
				61B86ADB1DE8697800B44882 /* FMDatabasePool.m */,
				61B86ADC1DE8697800B44882 /* FMDatabaseQueue.h */,
				61B86ADD1DE8697800B44882 /* FMDatabaseQueue.m */,
				61B86ADE1DE8697800B44882 /* FMDB.h */,
				61B86ADF1DE8697800B44882 /* FMResultSet.h */,
				61B86AE01DE8697800B44882 /* FMResultSet.m */,
			);
			path = fmdb;
			sourceTree = "<group>";
		};
		61B86AE61DE8699300B44882 /* Frameworks */ = {
			isa = PBXGroup;
			children = (
				61B86AE71DE8699300B44882 /* libsqlite3.0.tbd */,
			);
			name = Frameworks;
			sourceTree = "<group>";
		};
/* End PBXGroup section */

/* Begin PBXNativeTarget section */
		61B86A9E1DE868DE00B44882 /* StudyFMDB */ = {
			isa = PBXNativeTarget;
			buildConfigurationList = 61B86ACC1DE868DE00B44882 /* Build configuration list for PBXNativeTarget "StudyFMDB" */;
			buildPhases = (
				61B86A9B1DE868DE00B44882 /* Sources */,
				61B86A9C1DE868DE00B44882 /* Frameworks */,
				61B86A9D1DE868DE00B44882 /* Resources */,
			);
			buildRules = (
			);
			dependencies = (
			);
			name = StudyFMDB;
			productName = StudyFMDB;
			productReference = 61B86A9F1DE868DE00B44882 /* StudyFMDB.app */;
			productType = "com.apple.product-type.application";
		};
		61B86AB71DE868DE00B44882 /* StudyFMDBTests */ = {
			isa = PBXNativeTarget;
			buildConfigurationList = 61B86ACF1DE868DE00B44882 /* Build configuration list for PBXNativeTarget "StudyFMDBTests" */;
			buildPhases = (
				61B86AB41DE868DE00B44882 /* Sources */,
				61B86AB51DE868DE00B44882 /* Frameworks */,
				61B86AB61DE868DE00B44882 /* Resources */,
			);
			buildRules = (
			);
			dependencies = (
				61B86ABA1DE868DE00B44882 /* PBXTargetDependency */,
			);
			name = StudyFMDBTests;
			productName = StudyFMDBTests;
			productReference = 61B86AB81DE868DE00B44882 /* StudyFMDBTests.xctest */;
			productType = "com.apple.product-type.bundle.unit-test";
		};
		61B86AC21DE868DE00B44882 /* StudyFMDBUITests */ = {
			isa = PBXNativeTarget;
			buildConfigurationList = 61B86AD21DE868DE00B44882 /* Build configuration list for PBXNativeTarget "StudyFMDBUITests" */;
			buildPhases = (
				61B86ABF1DE868DE00B44882 /* Sources */,
				61B86AC01DE868DE00B44882 /* Frameworks */,
				61B86AC11DE868DE00B44882 /* Resources */,
			);
			buildRules = (
			);
			dependencies = (
				61B86AC51DE868DE00B44882 /* PBXTargetDependency */,
			);
			name = StudyFMDBUITests;
			productName = StudyFMDBUITests;
			productReference = 61B86AC31DE868DE00B44882 /* StudyFMDBUITests.xctest */;
			productType = "com.apple.product-type.bundle.ui-testing";
		};
/* End PBXNativeTarget section */

/* Begin PBXProject section */
		61B86A971DE868DE00B44882 /* Project object */ = {
			isa = PBXProject;
			attributes = {
				LastUpgradeCheck = 0820;
				ORGANIZATIONNAME = DuKaiShun;
				TargetAttributes = {
					61B86A9E1DE868DE00B44882 = {
						CreatedOnToolsVersion = 8.1;
						DevelopmentTeam = X42645MK9G;
						ProvisioningStyle = Automatic;
					};
					61B86AB71DE868DE00B44882 = {
						CreatedOnToolsVersion = 8.1;
						DevelopmentTeam = X42645MK9G;
						ProvisioningStyle = Automatic;
						TestTargetID = 61B86A9E1DE868DE00B44882;
					};
					61B86AC21DE868DE00B44882 = {
						CreatedOnToolsVersion = 8.1;
						DevelopmentTeam = X42645MK9G;
						ProvisioningStyle = Automatic;
						TestTargetID = 61B86A9E1DE868DE00B44882;
					};
				};
			};
			buildConfigurationList = 61B86A9A1DE868DE00B44882 /* Build configuration list for PBXProject "StudyFMDB" */;
			compatibilityVersion = "Xcode 3.2";
			developmentRegion = English;
			hasScannedForEncodings = 0;
			knownRegions = (
				en,
				Base,
			);
			mainGroup = 61B86A961DE868DE00B44882;
			productRefGroup = 61B86AA01DE868DE00B44882 /* Products */;
			projectDirPath = "";
			projectRoot = "";
			targets = (
				61B86A9E1DE868DE00B44882 /* StudyFMDB */,
				61B86AB71DE868DE00B44882 /* StudyFMDBTests */,
				61B86AC21DE868DE00B44882 /* StudyFMDBUITests */,
			);
		};
/* End PBXProject section */

/* Begin PBXResourcesBuildPhase section */
		61B86A9D1DE868DE00B44882 /* Resources */ = {
			isa = PBXResourcesBuildPhase;
			buildActionMask = 2147483647;
			files = (
				61B86AB21DE868DE00B44882 /* LaunchScreen.storyboard in Resources */,
				61B86AAF1DE868DE00B44882 /* Assets.xcassets in Resources */,
				61B86AED1DE9338300B44882 /* BusinessViewController.xib in Resources */,
				61B86AAD1DE868DE00B44882 /* Main.storyboard in Resources */,
			);
			runOnlyForDeploymentPostprocessing = 0;
		};
		61B86AB61DE868DE00B44882 /* Resources */ = {
			isa = PBXResourcesBuildPhase;
			buildActionMask = 2147483647;
			files = (
			);
			runOnlyForDeploymentPostprocessing = 0;
		};
		61B86AC11DE868DE00B44882 /* Resources */ = {
			isa = PBXResourcesBuildPhase;
			buildActionMask = 2147483647;
			files = (
			);
			runOnlyForDeploymentPostprocessing = 0;
		};
/* End PBXResourcesBuildPhase section */

/* Begin PBXSourcesBuildPhase section */
		61B86A9B1DE868DE00B44882 /* Sources */ = {
			isa = PBXSourcesBuildPhase;
			buildActionMask = 2147483647;
			files = (
				61B86AAA1DE868DE00B44882 /* ViewController.m in Sources */,
				61DBF95C1E49B35400AEF42A /* MyModel.m in Sources */,
				61DBF9591E499C0700AEF42A /* SYFMDBManager.m in Sources */,
				61B86AE31DE8697800B44882 /* FMDatabasePool.m in Sources */,
				61B86AA71DE868DE00B44882 /* AppDelegate.m in Sources */,
				61B86AF61DE94D6F00B44882 /* DKSStatus.m in Sources */,
				61B86AEC1DE9338300B44882 /* BusinessViewController.m in Sources */,
				61B86AE41DE8697800B44882 /* FMDatabaseQueue.m in Sources */,
				61B86AF01DE949C800B44882 /* DKSStatusCacheTool.m in Sources */,
				61B86AA41DE868DE00B44882 /* main.m in Sources */,
				61B86AE11DE8697800B44882 /* FMDatabase.m in Sources */,
				61DBF95F1E49B35D00AEF42A /* UserModel.m in Sources */,
				61DBF9561E498AE200AEF42A /* DKSFMDBManager.m in Sources */,
				61B86AE51DE8697800B44882 /* FMResultSet.m in Sources */,
				61B86AE21DE8697800B44882 /* FMDatabaseAdditions.m in Sources */,
			);
			runOnlyForDeploymentPostprocessing = 0;
		};
		61B86AB41DE868DE00B44882 /* Sources */ = {
			isa = PBXSourcesBuildPhase;
			buildActionMask = 2147483647;
			files = (
				61B86ABD1DE868DE00B44882 /* StudyFMDBTests.m in Sources */,
			);
			runOnlyForDeploymentPostprocessing = 0;
		};
		61B86ABF1DE868DE00B44882 /* Sources */ = {
			isa = PBXSourcesBuildPhase;
			buildActionMask = 2147483647;
			files = (
				61B86AC81DE868DE00B44882 /* StudyFMDBUITests.m in Sources */,
			);
			runOnlyForDeploymentPostprocessing = 0;
		};
/* End PBXSourcesBuildPhase section */

/* Begin PBXTargetDependency section */
		61B86ABA1DE868DE00B44882 /* PBXTargetDependency */ = {
			isa = PBXTargetDependency;
			target = 61B86A9E1DE868DE00B44882 /* StudyFMDB */;
			targetProxy = 61B86AB91DE868DE00B44882 /* PBXContainerItemProxy */;
		};
		61B86AC51DE868DE00B44882 /* PBXTargetDependency */ = {
			isa = PBXTargetDependency;
			target = 61B86A9E1DE868DE00B44882 /* StudyFMDB */;
			targetProxy = 61B86AC41DE868DE00B44882 /* PBXContainerItemProxy */;
		};
/* End PBXTargetDependency section */

/* Begin PBXVariantGroup section */
		61B86AAB1DE868DE00B44882 /* Main.storyboard */ = {
			isa = PBXVariantGroup;
			children = (
				61B86AAC1DE868DE00B44882 /* Base */,
			);
			name = Main.storyboard;
			sourceTree = "<group>";
		};
		61B86AB01DE868DE00B44882 /* LaunchScreen.storyboard */ = {
			isa = PBXVariantGroup;
			children = (
				61B86AB11DE868DE00B44882 /* Base */,
			);
			name = LaunchScreen.storyboard;
			sourceTree = "<group>";
		};
/* End PBXVariantGroup section */

/* Begin XCBuildConfiguration section */
		61B86ACA1DE868DE00B44882 /* Debug */ = {
			isa = XCBuildConfiguration;
			buildSettings = {
				ALWAYS_SEARCH_USER_PATHS = NO;
				CLANG_ANALYZER_NONNULL = YES;
				CLANG_CXX_LANGUAGE_STANDARD = "gnu++0x";
				CLANG_CXX_LIBRARY = "libc++";
				CLANG_ENABLE_MODULES = YES;
				CLANG_ENABLE_OBJC_ARC = YES;
				CLANG_WARN_BOOL_CONVERSION = YES;
				CLANG_WARN_CONSTANT_CONVERSION = YES;
				CLANG_WARN_DIRECT_OBJC_ISA_USAGE = YES_ERROR;
				CLANG_WARN_DOCUMENTATION_COMMENTS = YES;
				CLANG_WARN_EMPTY_BODY = YES;
				CLANG_WARN_ENUM_CONVERSION = YES;
				CLANG_WARN_INFINITE_RECURSION = YES;
				CLANG_WARN_INT_CONVERSION = YES;
				CLANG_WARN_OBJC_ROOT_CLASS = YES_ERROR;
				CLANG_WARN_SUSPICIOUS_MOVE = YES;
				CLANG_WARN_SUSPICIOUS_MOVES = YES;
				CLANG_WARN_UNREACHABLE_CODE = YES;
				CLANG_WARN__DUPLICATE_METHOD_MATCH = YES;
				"CODE_SIGN_IDENTITY[sdk=iphoneos*]" = "iPhone Developer";
				COPY_PHASE_STRIP = NO;
				DEBUG_INFORMATION_FORMAT = dwarf;
				ENABLE_STRICT_OBJC_MSGSEND = YES;
				ENABLE_TESTABILITY = YES;
				GCC_C_LANGUAGE_STANDARD = gnu99;
				GCC_DYNAMIC_NO_PIC = NO;
				GCC_NO_COMMON_BLOCKS = YES;
				GCC_OPTIMIZATION_LEVEL = 0;
				GCC_PREPROCESSOR_DEFINITIONS = (
					"DEBUG=1",
					"$(inherited)",
				);
				GCC_WARN_64_TO_32_BIT_CONVERSION = YES;
				GCC_WARN_ABOUT_RETURN_TYPE = YES_ERROR;
				GCC_WARN_UNDECLARED_SELECTOR = YES;
				GCC_WARN_UNINITIALIZED_AUTOS = YES_AGGRESSIVE;
				GCC_WARN_UNUSED_FUNCTION = YES;
				GCC_WARN_UNUSED_VARIABLE = YES;
				IPHONEOS_DEPLOYMENT_TARGET = 10.1;
				MTL_ENABLE_DEBUG_INFO = YES;
				ONLY_ACTIVE_ARCH = YES;
				SDKROOT = iphoneos;
			};
			name = Debug;
		};
		61B86ACB1DE868DE00B44882 /* Release */ = {
			isa = XCBuildConfiguration;
			buildSettings = {
				ALWAYS_SEARCH_USER_PATHS = NO;
				CLANG_ANALYZER_NONNULL = YES;
				CLANG_CXX_LANGUAGE_STANDARD = "gnu++0x";
				CLANG_CXX_LIBRARY = "libc++";
				CLANG_ENABLE_MODULES = YES;
				CLANG_ENABLE_OBJC_ARC = YES;
				CLANG_WARN_BOOL_CONVERSION = YES;
				CLANG_WARN_CONSTANT_CONVERSION = YES;
				CLANG_WARN_DIRECT_OBJC_ISA_USAGE = YES_ERROR;
				CLANG_WARN_DOCUMENTATION_COMMENTS = YES;
				CLANG_WARN_EMPTY_BODY = YES;
				CLANG_WARN_ENUM_CONVERSION = YES;
				CLANG_WARN_INFINITE_RECURSION = YES;
				CLANG_WARN_INT_CONVERSION = YES;
				CLANG_WARN_OBJC_ROOT_CLASS = YES_ERROR;
				CLANG_WARN_SUSPICIOUS_MOVE = YES;
				CLANG_WARN_SUSPICIOUS_MOVES = YES;
				CLANG_WARN_UNREACHABLE_CODE = YES;
				CLANG_WARN__DUPLICATE_METHOD_MATCH = YES;
				"CODE_SIGN_IDENTITY[sdk=iphoneos*]" = "iPhone Developer";
				COPY_PHASE_STRIP = NO;
				DEBUG_INFORMATION_FORMAT = "dwarf-with-dsym";
				ENABLE_NS_ASSERTIONS = NO;
				ENABLE_STRICT_OBJC_MSGSEND = YES;
				GCC_C_LANGUAGE_STANDARD = gnu99;
				GCC_NO_COMMON_BLOCKS = YES;
				GCC_WARN_64_TO_32_BIT_CONVERSION = YES;
				GCC_WARN_ABOUT_RETURN_TYPE = YES_ERROR;
				GCC_WARN_UNDECLARED_SELECTOR = YES;
				GCC_WARN_UNINITIALIZED_AUTOS = YES_AGGRESSIVE;
				GCC_WARN_UNUSED_FUNCTION = YES;
				GCC_WARN_UNUSED_VARIABLE = YES;
				IPHONEOS_DEPLOYMENT_TARGET = 10.1;
				MTL_ENABLE_DEBUG_INFO = NO;
				SDKROOT = iphoneos;
				VALIDATE_PRODUCT = YES;
			};
			name = Release;
		};
		61B86ACD1DE868DE00B44882 /* Debug */ = {
			isa = XCBuildConfiguration;
			buildSettings = {
				ASSETCATALOG_COMPILER_APPICON_NAME = AppIcon;
				DEVELOPMENT_TEAM = X42645MK9G;
				INFOPLIST_FILE = StudyFMDB/Info.plist;
				IPHONEOS_DEPLOYMENT_TARGET = 8.0;
				LD_RUNPATH_SEARCH_PATHS = "$(inherited) @executable_path/Frameworks";
				PRODUCT_BUNDLE_IDENTIFIER = com.robooot.StudyFMDB;
				PRODUCT_NAME = "$(TARGET_NAME)";
			};
			name = Debug;
		};
		61B86ACE1DE868DE00B44882 /* Release */ = {
			isa = XCBuildConfiguration;
			buildSettings = {
				ASSETCATALOG_COMPILER_APPICON_NAME = AppIcon;
				DEVELOPMENT_TEAM = X42645MK9G;
				INFOPLIST_FILE = StudyFMDB/Info.plist;
				IPHONEOS_DEPLOYMENT_TARGET = 8.0;
				LD_RUNPATH_SEARCH_PATHS = "$(inherited) @executable_path/Frameworks";
				PRODUCT_BUNDLE_IDENTIFIER = com.robooot.StudyFMDB;
				PRODUCT_NAME = "$(TARGET_NAME)";
			};
			name = Release;
		};
		61B86AD01DE868DE00B44882 /* Debug */ = {
			isa = XCBuildConfiguration;
			buildSettings = {
				BUNDLE_LOADER = "$(TEST_HOST)";
				DEVELOPMENT_TEAM = X42645MK9G;
				INFOPLIST_FILE = StudyFMDBTests/Info.plist;
				LD_RUNPATH_SEARCH_PATHS = "$(inherited) @executable_path/Frameworks @loader_path/Frameworks";
				PRODUCT_BUNDLE_IDENTIFIER = com.robooot.StudyFMDBTests;
				PRODUCT_NAME = "$(TARGET_NAME)";
				TEST_HOST = "$(BUILT_PRODUCTS_DIR)/StudyFMDB.app/StudyFMDB";
			};
			name = Debug;
		};
		61B86AD11DE868DE00B44882 /* Release */ = {
			isa = XCBuildConfiguration;
			buildSettings = {
				BUNDLE_LOADER = "$(TEST_HOST)";
				DEVELOPMENT_TEAM = X42645MK9G;
				INFOPLIST_FILE = StudyFMDBTests/Info.plist;
				LD_RUNPATH_SEARCH_PATHS = "$(inherited) @executable_path/Frameworks @loader_path/Frameworks";
				PRODUCT_BUNDLE_IDENTIFIER = com.robooot.StudyFMDBTests;
				PRODUCT_NAME = "$(TARGET_NAME)";
				TEST_HOST = "$(BUILT_PRODUCTS_DIR)/StudyFMDB.app/StudyFMDB";
			};
			name = Release;
		};
		61B86AD31DE868DE00B44882 /* Debug */ = {
			isa = XCBuildConfiguration;
			buildSettings = {
				DEVELOPMENT_TEAM = X42645MK9G;
				INFOPLIST_FILE = StudyFMDBUITests/Info.plist;
				LD_RUNPATH_SEARCH_PATHS = "$(inherited) @executable_path/Frameworks @loader_path/Frameworks";
				PRODUCT_BUNDLE_IDENTIFIER = com.robooot.StudyFMDBUITests;
				PRODUCT_NAME = "$(TARGET_NAME)";
				TEST_TARGET_NAME = StudyFMDB;
			};
			name = Debug;
		};
		61B86AD41DE868DE00B44882 /* Release */ = {
			isa = XCBuildConfiguration;
			buildSettings = {
				DEVELOPMENT_TEAM = X42645MK9G;
				INFOPLIST_FILE = StudyFMDBUITests/Info.plist;
				LD_RUNPATH_SEARCH_PATHS = "$(inherited) @executable_path/Frameworks @loader_path/Frameworks";
				PRODUCT_BUNDLE_IDENTIFIER = com.robooot.StudyFMDBUITests;
				PRODUCT_NAME = "$(TARGET_NAME)";
				TEST_TARGET_NAME = StudyFMDB;
			};
			name = Release;
		};
/* End XCBuildConfiguration section */

/* Begin XCConfigurationList section */
		61B86A9A1DE868DE00B44882 /* Build configuration list for PBXProject "StudyFMDB" */ = {
			isa = XCConfigurationList;
			buildConfigurations = (
				61B86ACA1DE868DE00B44882 /* Debug */,
				61B86ACB1DE868DE00B44882 /* Release */,
			);
			defaultConfigurationIsVisible = 0;
			defaultConfigurationName = Release;
		};
		61B86ACC1DE868DE00B44882 /* Build configuration list for PBXNativeTarget "StudyFMDB" */ = {
			isa = XCConfigurationList;
			buildConfigurations = (
				61B86ACD1DE868DE00B44882 /* Debug */,
				61B86ACE1DE868DE00B44882 /* Release */,
			);
			defaultConfigurationIsVisible = 0;
			defaultConfigurationName = Release;
		};
		61B86ACF1DE868DE00B44882 /* Build configuration list for PBXNativeTarget "StudyFMDBTests" */ = {
			isa = XCConfigurationList;
			buildConfigurations = (
				61B86AD01DE868DE00B44882 /* Debug */,
				61B86AD11DE868DE00B44882 /* Release */,
			);
			defaultConfigurationIsVisible = 0;
			defaultConfigurationName = Release;
		};
		61B86AD21DE868DE00B44882 /* Build configuration list for PBXNativeTarget "StudyFMDBUITests" */ = {
			isa = XCConfigurationList;
			buildConfigurations = (
				61B86AD31DE868DE00B44882 /* Debug */,
				61B86AD41DE868DE00B44882 /* Release */,
			);
			defaultConfigurationIsVisible = 0;
			defaultConfigurationName = Release;
		};
/* End XCConfigurationList section */
	};
	rootObject = 61B86A971DE868DE00B44882 /* Project object */;
}
